// !$*UTF8*$!
{
	archiveVersion = 1;
	classes = {
	};
	objectVersion = 77;
	objects = {

/* Begin PBXBuildFile section */
		3A7D250E2F99A68D0011FB8E /* MLXLLM in Frameworks */ = {isa = PBXBuildFile; productRef = 3A7D250D2F99A68D0011FB8E /* MLXLLM */; };
		3A7D25102F99A68D0011FB8E /* MLXLMCommon in Frameworks */ = {isa = PBXBuildFile; productRef = 3A7D250F2F99A68D0011FB8E /* MLXLMCommon */; };
		3A7D25122F99A68D0011FB8E /* MLXHuggingFace in Frameworks */ = {isa = PBXBuildFile; productRef = 3A7D25112F99A68D0011FB8E /* MLXHuggingFace */; };
		3A7D25142F99A68D0011FB8E /* HuggingFace in Frameworks */ = {isa = PBXBuildFile; productRef = 3A7D25132F99A68D0011FB8E /* HuggingFace */; };
		3A7D25162F99A68D0011FB8E /* Tokenizers in Frameworks */ = {isa = PBXBuildFile; productRef = 3A7D25152F99A68D0011FB8E /* Tokenizers */; };
/* End PBXBuildFile section */

/* Begin PBXFileReference section */
		3A7D23522F9839DF0011FB8E /* ChewTheFat.app */ = {isa = PBXFileReference; explicitFileType = wrapper.application; includeInIndex = 0; path = ChewTheFat.app; sourceTree = BUILT_PRODUCTS_DIR; };
/* End PBXFileReference section */

/* Begin PBXFileSystemSynchronizedRootGroup section */
		3A7D23542F9839DF0011FB8E /* ChewTheFat */ = {
			isa = PBXFileSystemSynchronizedRootGroup;
			path = ChewTheFat;
			sourceTree = "<group>";
		};
/* End PBXFileSystemSynchronizedRootGroup section */

/* Begin PBXFrameworksBuildPhase section */
		3A7D234F2F9839DF0011FB8E /* Frameworks */ = {
			isa = PBXFrameworksBuildPhase;
			buildActionMask = 2147483647;
			files = (
				3A7D25102F99A68D0011FB8E /* MLXLMCommon in Frameworks */,
				3A7D250E2F99A68D0011FB8E /* MLXLLM in Frameworks */,
				3A7D25122F99A68D0011FB8E /* MLXHuggingFace in Frameworks */,
				3A7D25142F99A68D0011FB8E /* HuggingFace in Frameworks */,
				3A7D25162F99A68D0011FB8E /* Tokenizers in Frameworks */,
			);
			runOnlyForDeploymentPostprocessing = 0;
		};
/* End PBXFrameworksBuildPhase section */

/* Begin PBXGroup section */
		3A7D23492F9839DF0011FB8E = {
			isa = PBXGroup;
			children = (
				3A7D23542F9839DF0011FB8E /* ChewTheFat */,
				3A7D23532F9839DF0011FB8E /* Products */,
			);
			sourceTree = "<group>";
		};
		3A7D23532F9839DF0011FB8E /* Products */ = {
			isa = PBXGroup;
			children = (
				3A7D23522F9839DF0011FB8E /* ChewTheFat.app */,
			);
			name = Products;
			sourceTree = "<group>";
		};
/* End PBXGroup section */

/* Begin PBXNativeTarget section */
		3A7D23512F9839DF0011FB8E /* ChewTheFat */ = {
			isa = PBXNativeTarget;
			buildConfigurationList = 3A7D235F2F9839E10011FB8E /* Build configuration list for PBXNativeTarget "ChewTheFat" */;
			buildPhases = (
				3A7D234E2F9839DF0011FB8E /* Sources */,
				3A7D234F2F9839DF0011FB8E /* Frameworks */,
				3A7D23502F9839DF0011FB8E /* Resources */,
			);
			buildRules = (
			);
			dependencies = (
			);
			fileSystemSynchronizedGroups = (
				3A7D23542F9839DF0011FB8E /* ChewTheFat */,
			);
			name = ChewTheFat;
			packageProductDependencies = (
				3A7D250D2F99A68D0011FB8E /* MLXLLM */,
				3A7D250F2F99A68D0011FB8E /* MLXLMCommon */,
				3A7D25112F99A68D0011FB8E /* MLXHuggingFace */,
				3A7D25132F99A68D0011FB8E /* HuggingFace */,
				3A7D25152F99A68D0011FB8E /* Tokenizers */,
			);
			productName = ChewTheFat;
			productReference = 3A7D23522F9839DF0011FB8E /* ChewTheFat.app */;
			productType = "com.apple.product-type.application";
		};
/* End PBXNativeTarget section */

/* Begin PBXProject section */
		3A7D234A2F9839DF0011FB8E /* Project object */ = {
			isa = PBXProject;
			attributes = {
				BuildIndependentTargetsInParallel = 1;
				LastSwiftUpdateCheck = 2640;
				LastUpgradeCheck = 2640;
				TargetAttributes = {
					3A7D23512F9839DF0011FB8E = {
						CreatedOnToolsVersion = 26.4.1;
					};
				};
			};
			buildConfigurationList = 3A7D234D2F9839DF0011FB8E /* Build configuration list for PBXProject "ChewTheFat" */;
			developmentRegion = en;
			hasScannedForEncodings = 0;
			knownRegions = (
				en,
				Base,
			);
			mainGroup = 3A7D23492F9839DF0011FB8E;
			minimizedProjectReferenceProxies = 1;
			packageReferences = (
				3A7D250C2F99A68D0011FB8E /* XCRemoteSwiftPackageReference "mlx-swift-lm" */,
				3A7D25172F99A68D0011FB8E /* XCRemoteSwiftPackageReference "swift-huggingface" */,
				3A7D25182F99A68D0011FB8E /* XCRemoteSwiftPackageReference "swift-transformers" */,
			);
			preferredProjectObjectVersion = 77;
			productRefGroup = 3A7D23532F9839DF0011FB8E /* Products */;
			projectDirPath = "";
			projectRoot = "";
			targets = (
				3A7D23512F9839DF0011FB8E /* ChewTheFat */,
			);
		};
/* End PBXProject section */

/* Begin PBXResourcesBuildPhase section */
		3A7D23502F9839DF0011FB8E /* Resources */ = {
			isa = PBXResourcesBuildPhase;
			buildActionMask = 2147483647;
			files = (
			);
			runOnlyForDeploymentPostprocessing = 0;
		};
/* End PBXResourcesBuildPhase section */

/* Begin PBXSourcesBuildPhase section */
		3A7D234E2F9839DF0011FB8E /* Sources */ = {
			isa = PBXSourcesBuildPhase;
			buildActionMask = 2147483647;
			files = (
			);
			runOnlyForDeploymentPostprocessing = 0;
		};
/* End PBXSourcesBuildPhase section */

/* Begin XCBuildConfiguration section */
		3A7D235D2F9839E10011FB8E /* Debug */ = {
			isa = XCBuildConfiguration;
			buildSettings = {
				ALWAYS_SEARCH_USER_PATHS = NO;
				ASSETCATALOG_COMPILER_GENERATE_SWIFT_ASSET_SYMBOL_EXTENSIONS = YES;
				CLANG_ANALYZER_NONNULL = YES;
				CLANG_ANALYZER_NUMBER_OBJECT_CONVERSION = YES_AGGRESSIVE;
				CLANG_CXX_LANGUAGE_STANDARD = "gnu++20";
				CLANG_ENABLE_MODULES = YES;
				CLANG_ENABLE_OBJC_ARC = YES;
				CLANG_ENABLE_OBJC_WEAK = YES;
				CLANG_WARN_BLOCK_CAPTURE_AUTORELEASING = YES;
				CLANG_WARN_BOOL_CONVERSION = YES;
				CLANG_WARN_COMMA = YES;
				CLANG_WARN_CONSTANT_CONVERSION = YES;
				CLANG_WARN_DEPRECATED_OBJC_IMPLEMENTATIONS = YES;
				CLANG_WARN_DIRECT_OBJC_ISA_USAGE = YES_ERROR;
				CLANG_WARN_DOCUMENTATION_COMMENTS = YES;
				CLANG_WARN_EMPTY_BODY = YES;
				CLANG_WARN_ENUM_CONVERSION = YES;
				CLANG_WARN_INFINITE_RECURSION = YES;
				CLANG_WARN_INT_CONVERSION = YES;
				CLANG_WARN_NON_LITERAL_NULL_CONVERSION = YES;
				CLANG_WARN_OBJC_IMPLICIT_RETAIN_SELF = YES;
				CLANG_WARN_OBJC_LITERAL_CONVERSION = YES;
				CLANG_WARN_OBJC_ROOT_CLASS = YES_ERROR;
				CLANG_WARN_QUOTED_INCLUDE_IN_FRAMEWORK_HEADER = YES;
				CLANG_WARN_RANGE_LOOP_ANALYSIS = YES;
				CLANG_WARN_STRICT_PROTOTYPES = YES;
				CLANG_WARN_SUSPICIOUS_MOVE = YES;
				CLANG_WARN_UNGUARDED_AVAILABILITY = YES_AGGRESSIVE;
				CLANG_WARN_UNREACHABLE_CODE = YES;
				CLANG_WARN__DUPLICATE_METHOD_MATCH = YES;
				COPY_PHASE_STRIP = NO;
				DEBUG_INFORMATION_FORMAT = dwarf;
				DEVELOPMENT_TEAM = 24W57ZA3B9;
				ENABLE_STRICT_OBJC_MSGSEND = YES;
				ENABLE_TESTABILITY = YES;
				ENABLE_USER_SCRIPT_SANDBOXING = YES;
				GCC_C_LANGUAGE_STANDARD = gnu17;
				GCC_DYNAMIC_NO_PIC = NO;
				GCC_NO_COMMON_BLOCKS = YES;
				GCC_OPTIMIZATION_LEVEL = 0;
				GCC_PREPROCESSOR_DEFINITIONS = (
					"DEBUG=1",
					"$(inherited)",
				);
				GCC_WARN_64_TO_32_BIT_CONVERSION = YES;
				GCC_WARN_ABOUT_RETURN_TYPE = YES_ERROR;
				GCC_WARN_UNDECLARED_SELECTOR = YES;
				GCC_WARN_UNINITIALIZED_AUTOS = YES_AGGRESSIVE;
				GCC_WARN_UNUSED_FUNCTION = YES;
				GCC_WARN_UNUSED_VARIABLE = YES;
				IPHONEOS_DEPLOYMENT_TARGET = 26.4;
				LOCALIZATION_PREFERS_STRING_CATALOGS = YES;
				MTL_ENABLE_DEBUG_INFO = INCLUDE_SOURCE;
				MTL_FAST_MATH = YES;
				ONLY_ACTIVE_ARCH = YES;
				SDKROOT = iphoneos;
				SWIFT_ACTIVE_COMPILATION_CONDITIONS = "DEBUG $(inherited)";
				SWIFT_OPTIMIZATION_LEVEL = "-Onone";
			};
			name = Debug;
		};
		3A7D235E2F9839E10011FB8E /* Release */ = {
			isa = XCBuildConfiguration;
			buildSettings = {
				ALWAYS_SEARCH_USER_PATHS = NO;
				ASSETCATALOG_COMPILER_GENERATE_SWIFT_ASSET_SYMBOL_EXTENSIONS = YES;
				CLANG_ANALYZER_NONNULL = YES;
				CLANG_ANALYZER_NUMBER_OBJECT_CONVERSION = YES_AGGRESSIVE;
				CLANG_CXX_LANGUAGE_STANDARD = "gnu++20";
				CLANG_ENABLE_MODULES = YES;
				CLANG_ENABLE_OBJC_ARC = YES;
				CLANG_ENABLE_OBJC_WEAK = YES;
				CLANG_WARN_BLOCK_CAPTURE_AUTORELEASING = YES;
				CLANG_WARN_BOOL_CONVERSION = YES;
				CLANG_WARN_COMMA = YES;
				CLANG_WARN_CONSTANT_CONVERSION = YES;
				CLANG_WARN_DEPRECATED_OBJC_IMPLEMENTATIONS = YES;
				CLANG_WARN_DIRECT_OBJC_ISA_USAGE = YES_ERROR;
				CLANG_WARN_DOCUMENTATION_COMMENTS = YES;
				CLANG_WARN_EMPTY_BODY = YES;
				CLANG_WARN_ENUM_CONVERSION = YES;
				CLANG_WARN_INFINITE_RECURSION = YES;
				CLANG_WARN_INT_CONVERSION = YES;
				CLANG_WARN_NON_LITERAL_NULL_CONVERSION = YES;
				CLANG_WARN_OBJC_IMPLICIT_RETAIN_SELF = YES;
				CLANG_WARN_OBJC_LITERAL_CONVERSION = YES;
				CLANG_WARN_OBJC_ROOT_CLASS = YES_ERROR;
				CLANG_WARN_QUOTED_INCLUDE_IN_FRAMEWORK_HEADER = YES;
				CLANG_WARN_RANGE_LOOP_ANALYSIS = YES;
				CLANG_WARN_STRICT_PROTOTYPES = YES;
				CLANG_WARN_SUSPICIOUS_MOVE = YES;
				CLANG_WARN_UNGUARDED_AVAILABILITY = YES_AGGRESSIVE;
				CLANG_WARN_UNREACHABLE_CODE = YES;
				CLANG_WARN__DUPLICATE_METHOD_MATCH = YES;
				COPY_PHASE_STRIP = NO;
				DEBUG_INFORMATION_FORMAT = "dwarf-with-dsym";
				DEVELOPMENT_TEAM = 24W57ZA3B9;
				ENABLE_NS_ASSERTIONS = NO;
				ENABLE_STRICT_OBJC_MSGSEND = YES;
				ENABLE_USER_SCRIPT_SANDBOXING = YES;
				GCC_C_LANGUAGE_STANDARD = gnu17;
				GCC_NO_COMMON_BLOCKS = YES;
				GCC_WARN_64_TO_32_BIT_CONVERSION = YES;
				GCC_WARN_ABOUT_RETURN_TYPE = YES_ERROR;
				GCC_WARN_UNDECLARED_SELECTOR = YES;
				GCC_WARN_UNINITIALIZED_AUTOS = YES_AGGRESSIVE;
				GCC_WARN_UNUSED_FUNCTION = YES;
				GCC_WARN_UNUSED_VARIABLE = YES;
				IPHONEOS_DEPLOYMENT_TARGET = 26.4;
				LOCALIZATION_PREFERS_STRING_CATALOGS = YES;
				MTL_ENABLE_DEBUG_INFO = NO;
				MTL_FAST_MATH = YES;
				SDKROOT = iphoneos;
				SWIFT_COMPILATION_MODE = wholemodule;
				VALIDATE_PRODUCT = YES;
			};
			name = Release;
		};
		3A7D23602F9839E10011FB8E /* Debug */ = {
			isa = XCBuildConfiguration;
			buildSettings = {
				ASSETCATALOG_COMPILER_APPICON_NAME = ChewTheFatAppIcon;
				ASSETCATALOG_COMPILER_GLOBAL_ACCENT_COLOR_NAME = AccentColor;
				ASSETCATALOG_COMPILER_INCLUDE_ALL_APPICON_ASSETS = YES;
				CODE_SIGN_STYLE = Automatic;
				CURRENT_PROJECT_VERSION = 1;
				DEVELOPMENT_TEAM = 24W57ZA3B9;
				ENABLE_PREVIEWS = YES;
				GENERATE_INFOPLIST_FILE = YES;
				INFOPLIST_KEY_CFBundleDisplayName = Chew;
				INFOPLIST_KEY_LSApplicationCategoryType = "public.app-category.healthcare-fitness";
				INFOPLIST_KEY_UIApplicationSceneManifest_Generation = YES;
				INFOPLIST_KEY_UIApplicationSupportsIndirectInputEvents = YES;
				INFOPLIST_KEY_UILaunchScreen_Generation = YES;
				INFOPLIST_KEY_UISupportedInterfaceOrientations_iPad = "UIInterfaceOrientationPortrait UIInterfaceOrientationPortraitUpsideDown UIInterfaceOrientationLandscapeLeft UIInterfaceOrientationLandscapeRight";
				INFOPLIST_KEY_UISupportedInterfaceOrientations_iPhone = "UIInterfaceOrientationPortrait UIInterfaceOrientationLandscapeLeft UIInterfaceOrientationLandscapeRight";
				LD_RUNPATH_SEARCH_PATHS = (
					"$(inherited)",
					"@executable_path/Frameworks",
				);
				MARKETING_VERSION = 0.1;
				PRODUCT_BUNDLE_IDENTIFIER = com.PixelKinetics.ChewTheFat;
				PRODUCT_NAME = "$(TARGET_NAME)";
				STRING_CATALOG_GENERATE_SYMBOLS = YES;
				SWIFT_APPROACHABLE_CONCURRENCY = YES;
				SWIFT_DEFAULT_ACTOR_ISOLATION = MainActor;
				SWIFT_EMIT_LOC_STRINGS = YES;
				SWIFT_UPCOMING_FEATURE_MEMBER_IMPORT_VISIBILITY = YES;
				SWIFT_VERSION = 5.9;
				TARGETED_DEVICE_FAMILY = "1,2";
			};
			name = Debug;
		};
		3A7D23612F9839E10011FB8E /* Release */ = {
			isa = XCBuildConfiguration;
			buildSettings = {
				ASSETCATALOG_COMPILER_APPICON_NAME = ChewTheFatAppIcon;
				ASSETCATALOG_COMPILER_GLOBAL_ACCENT_COLOR_NAME = AccentColor;
				ASSETCATALOG_COMPILER_INCLUDE_ALL_APPICON_ASSETS = YES;
				CODE_SIGN_STYLE = Automatic;
				CURRENT_PROJECT_VERSION = 1;
				DEVELOPMENT_TEAM = 24W57ZA3B9;
				ENABLE_PREVIEWS = YES;
				GENERATE_INFOPLIST_FILE = YES;
				INFOPLIST_KEY_CFBundleDisplayName = Chew;
				INFOPLIST_KEY_LSApplicationCategoryType = "public.app-category.healthcare-fitness";
				INFOPLIST_KEY_UIApplicationSceneManifest_Generation = YES;
				INFOPLIST_KEY_UIApplicationSupportsIndirectInputEvents = YES;
				INFOPLIST_KEY_UILaunchScreen_Generation = YES;
				INFOPLIST_KEY_UISupportedInterfaceOrientations_iPad = "UIInterfaceOrientationPortrait UIInterfaceOrientationPortraitUpsideDown UIInterfaceOrientationLandscapeLeft UIInterfaceOrientationLandscapeRight";
				INFOPLIST_KEY_UISupportedInterfaceOrientations_iPhone = "UIInterfaceOrientationPortrait UIInterfaceOrientationLandscapeLeft UIInterfaceOrientationLandscapeRight";
				LD_RUNPATH_SEARCH_PATHS = (
					"$(inherited)",
					"@executable_path/Frameworks",
				);
				MARKETING_VERSION = 0.1;
				PRODUCT_BUNDLE_IDENTIFIER = com.PixelKinetics.ChewTheFat;
				PRODUCT_NAME = "$(TARGET_NAME)";
				STRING_CATALOG_GENERATE_SYMBOLS = YES;
				SWIFT_APPROACHABLE_CONCURRENCY = YES;
				SWIFT_DEFAULT_ACTOR_ISOLATION = MainActor;
				SWIFT_EMIT_LOC_STRINGS = YES;
				SWIFT_UPCOMING_FEATURE_MEMBER_IMPORT_VISIBILITY = YES;
				SWIFT_VERSION = 5.9;
				TARGETED_DEVICE_FAMILY = "1,2";
			};
			name = Release;
		};
/* End XCBuildConfiguration section */

/* Begin XCConfigurationList section */
		3A7D234D2F9839DF0011FB8E /* Build configuration list for PBXProject "ChewTheFat" */ = {
			isa = XCConfigurationList;
			buildConfigurations = (
				3A7D235D2F9839E10011FB8E /* Debug */,
				3A7D235E2F9839E10011FB8E /* Release */,
			);
			defaultConfigurationIsVisible = 0;
			defaultConfigurationName = Release;
		};
		3A7D235F2F9839E10011FB8E /* Build configuration list for PBXNativeTarget "ChewTheFat" */ = {
			isa = XCConfigurationList;
			buildConfigurations = (
				3A7D23602F9839E10011FB8E /* Debug */,
				3A7D23612F9839E10011FB8E /* Release */,
			);
			defaultConfigurationIsVisible = 0;
			defaultConfigurationName = Release;
		};
/* End XCConfigurationList section */

/* Begin XCRemoteSwiftPackageReference section */
		3A7D250C2F99A68D0011FB8E /* XCRemoteSwiftPackageReference "mlx-swift-lm" */ = {
			isa = XCRemoteSwiftPackageReference;
			repositoryURL = "https://github.com/ml-explore/mlx-swift-lm";
			requirement = {
				kind = upToNextMajorVersion;
				minimumVersion = 3.31.3;
			};
		};
		3A7D25172F99A68D0011FB8E /* XCRemoteSwiftPackageReference "swift-huggingface" */ = {
			isa = XCRemoteSwiftPackageReference;
			repositoryURL = "https://github.com/huggingface/swift-huggingface";
			requirement = {
				kind = upToNextMinorVersion;
				minimumVersion = 0.9.0;
			};
		};
		3A7D25182F99A68D0011FB8E /* XCRemoteSwiftPackageReference "swift-transformers" */ = {
			isa = XCRemoteSwiftPackageReference;
			repositoryURL = "https://github.com/huggingface/swift-transformers";
			requirement = {
				kind = upToNextMajorVersion;
				minimumVersion = 1.3.0;
			};
		};
/* End XCRemoteSwiftPackageReference section */

/* Begin XCSwiftPackageProductDependency section */
		3A7D250D2F99A68D0011FB8E /* MLXLLM */ = {
			isa = XCSwiftPackageProductDependency;
			package = 3A7D250C2F99A68D0011FB8E /* XCRemoteSwiftPackageReference "mlx-swift-lm" */;
			productName = MLXLLM;
		};
		3A7D250F2F99A68D0011FB8E /* MLXLMCommon */ = {
			isa = XCSwiftPackageProductDependency;
			package = 3A7D250C2F99A68D0011FB8E /* XCRemoteSwiftPackageReference "mlx-swift-lm" */;
			productName = MLXLMCommon;
		};
		3A7D25112F99A68D0011FB8E /* MLXHuggingFace */ = {
			isa = XCSwiftPackageProductDependency;
			package = 3A7D250C2F99A68D0011FB8E /* XCRemoteSwiftPackageReference "mlx-swift-lm" */;
			productName = MLXHuggingFace;
		};
		3A7D25132F99A68D0011FB8E /* HuggingFace */ = {
			isa = XCSwiftPackageProductDependency;
			package = 3A7D25172F99A68D0011FB8E /* XCRemoteSwiftPackageReference "swift-huggingface" */;
			productName = HuggingFace;
		};
		3A7D25152F99A68D0011FB8E /* Tokenizers */ = {
			isa = XCSwiftPackageProductDependency;
			package = 3A7D25182F99A68D0011FB8E /* XCRemoteSwiftPackageReference "swift-transformers" */;
			productName = Tokenizers;
		};
/* End XCSwiftPackageProductDependency section */
	};
	rootObject = 3A7D234A2F9839DF0011FB8E /* Project object */;
}
